
Microsoft Visual Studio Solution File, Format Version 12.00
# Visual Studio Version 17
VisualStudioVersion = 17.3.32811.315
MinimumVisualStudioVersion = 10.0.40219.1
Project("{9A19103F-16F7-4668-BE54-9A1E7A4F7556}") = "VendingMachine", "VendingMachine\VendingMachine.csproj", "{95289D1F-55FD-422E-85F7-52955D8943CA}"
EndProject
Project("{FAE04EC0-301F-11D3-BF4B-00C04F79EFBC}") = "VendingMachineTest", "VendingMachineTest\VendingMachineTest.csproj", "{23C15446-1E16-494D-96F9-9DDAA2DF5A4F}"
EndProject
Global
	GlobalSection(SolutionConfigurationPlatforms) = preSolution
		Debug|Any CPU = Debug|Any CPU
		Release|Any CPU = Release|Any CPU
	EndGlobalSection
	GlobalSection(ProjectConfigurationPlatforms) = postSolution
		{95289D1F-55FD-422E-85F7-52955D8943CA}.Debug|Any CPU.ActiveCfg = Debug|Any CPU
		{95289D1F-55FD-422E-85F7-52955D8943CA}.Debug|Any CPU.Build.0 = Debug|Any CPU
		{95289D1F-55FD-422E-85F7-52955D8943CA}.Release|Any CPU.ActiveCfg = Release|Any CPU
		{95289D1F-55FD-422E-85F7-52955D8943CA}.Release|Any CPU.Build.0 = Release|Any CPU
		{23C15446-1E16-494D-96F9-9DDAA2DF5A4F}.Debug|Any CPU.ActiveCfg = Debug|Any CPU
		{23C15446-1E16-494D-96F9-9DDAA2DF5A4F}.Debug|Any CPU.Build.0 = Debug|Any CPU
		{23C15446-1E16-494D-96F9-9DDAA2DF5A4F}.Release|Any CPU.ActiveCfg = Release|Any CPU
		{23C15446-1E16-494D-96F9-9DDAA2DF5A4F}.Release|Any CPU.Build.0 = Release|Any CPU
	EndGlobalSection
	GlobalSection(SolutionProperties) = preSolution
		HideSolutionNode = FALSE
	EndGlobalSection
	GlobalSection(ExtensibilityGlobals) = postSolution
		SolutionGuid = {8ABFBBDA-ACC7-4828-883C-F439FB8F9B11}
	EndGlobalSection
EndGlobal
